
Microsoft Visual Studio Solution File, Format Version 12.00
# Visual Studio Version 16
VisualStudioVersion = 16.0.30011.22
MinimumVisualStudioVersion = 10.0.40219.1
Project("{FAE04EC0-301F-11D3-BF4B-00C04F79EFBC}") = "QuickPlay", "QuickPlay.csproj", "{23937D79-DEFA-4FCE-8495-6DDCCF891652}"
EndProject
Global
	GlobalSection(SolutionConfigurationPlatforms) = preSolution
		Debug|Any CPU = Debug|Any CPU
		Release|Any CPU = Release|Any CPU
	EndGlobalSection
	GlobalSection(ProjectConfigurationPlatforms) = postSolution
		{23937D79-DEFA-4FCE-8495-6DDCCF891652}.Debug|Any CPU.ActiveCfg = Debug|Any CPU
		{23937D79-DEFA-4FCE-8495-6DDCCF891652}.Debug|Any CPU.Build.0 = Debug|Any CPU
		{23937D79-DEFA-4FCE-8495-6DDCCF891652}.Release|Any CPU.ActiveCfg = Release|Any CPU
		{23937D79-DEFA-4FCE-8495-6DDCCF891652}.Release|Any CPU.Build.0 = Release|Any CPU
	EndGlobalSection
	GlobalSection(SolutionProperties) = preSolution
		HideSolutionNode = FALSE
	EndGlobalSection
	GlobalSection(ExtensibilityGlobals) = postSolution
		SolutionGuid = {A50CFE70-87BE-4EFF-BAF9-E06F0057FA77}
	EndGlobalSection
EndGlobal
